
Microsoft Visual Studio Solution File, Format Version 12.00
# Visual Studio 2013
VisualStudioVersion = 12.0.21005.1
MinimumVisualStudioVersion = 10.0.40219.1
Project("{FAE04EC0-301F-11D3-BF4B-00C04F79EFBC}") = "MTC", "MTC\MTC.csproj", "{36C8710E-AA60-44CF-923A-FE29D529082B}"
EndProject
Project("{FAE04EC0-301F-11D3-BF4B-00C04F79EFBC}") = "MTCUnitTest", "UnitTestProject1\MTCUnitTest.csproj", "{E6C13584-CD5B-44F8-BEF7-730F51443B38}"
EndProject
Global
	GlobalSection(SolutionConfigurationPlatforms) = preSolution
		Debug|Any CPU = Debug|Any CPU
		Release|Any CPU = Release|Any CPU
	EndGlobalSection
	GlobalSection(ProjectConfigurationPlatforms) = postSolution
		{36C8710E-AA60-44CF-923A-FE29D529082B}.Debug|Any CPU.ActiveCfg = Debug|Any CPU
		{36C8710E-AA60-44CF-923A-FE29D529082B}.Debug|Any CPU.Build.0 = Debug|Any CPU
		{36C8710E-AA60-44CF-923A-FE29D529082B}.Release|Any CPU.ActiveCfg = Release|Any CPU
		{36C8710E-AA60-44CF-923A-FE29D529082B}.Release|Any CPU.Build.0 = Release|Any CPU
		{E6C13584-CD5B-44F8-BEF7-730F51443B38}.Debug|Any CPU.ActiveCfg = Debug|Any CPU
		{E6C13584-CD5B-44F8-BEF7-730F51443B38}.Debug|Any CPU.Build.0 = Debug|Any CPU
		{E6C13584-CD5B-44F8-BEF7-730F51443B38}.Release|Any CPU.ActiveCfg = Release|Any CPU
		{E6C13584-CD5B-44F8-BEF7-730F51443B38}.Release|Any CPU.Build.0 = Release|Any CPU
	EndGlobalSection
	GlobalSection(SolutionProperties) = preSolution
		HideSolutionNode = FALSE
	EndGlobalSection
EndGlobal
